// !$*UTF8*$!
{
	archiveVersion = 1;
	classes = {
	};
	objectVersion = 56;
	objects = {

/* Begin PBXBuildFile section */
		0B7F1C962918EBB9008530F5 /* SnacktacularApp.swift in Sources */ = {isa = PBXBuildFile; fileRef = 0B7F1C952918EBB9008530F5 /* SnacktacularApp.swift */; };
		0B7F1C982918EBB9008530F5 /* LoginView.swift in Sources */ = {isa = PBXBuildFile; fileRef = 0B7F1C972918EBB9008530F5 /* LoginView.swift */; };
		0B7F1C9A2918EBBB008530F5 /* Assets.xcassets in Resources */ = {isa = PBXBuildFile; fileRef = 0B7F1C992918EBBB008530F5 /* Assets.xcassets */; };
		0B7F1C9D2918EBBB008530F5 /* Preview Assets.xcassets in Resources */ = {isa = PBXBuildFile; fileRef = 0B7F1C9C2918EBBB008530F5 /* Preview Assets.xcassets */; };
		0B7F1CAE2918FBA3008530F5 /* GoogleService-Info.plist in Resources */ = {isa = PBXBuildFile; fileRef = 0B7F1CAD2918FBA3008530F5 /* GoogleService-Info.plist */; };
		0B805E24291BAABA00C1B5F7 /* ListView.swift in Sources */ = {isa = PBXBuildFile; fileRef = 0B805E23291BAABA00C1B5F7 /* ListView.swift */; };
		0BA132052936259900E64A4A /* LocationManager.swift in Sources */ = {isa = PBXBuildFile; fileRef = 0BA132002936259900E64A4A /* LocationManager.swift */; };
		0BA132062936259900E64A4A /* PlaceLookupView.swift in Sources */ = {isa = PBXBuildFile; fileRef = 0BA132012936259900E64A4A /* PlaceLookupView.swift */; };
		0BA132072936259900E64A4A /* PlaceViewModel.swift in Sources */ = {isa = PBXBuildFile; fileRef = 0BA132022936259900E64A4A /* PlaceViewModel.swift */; };
		0BA132082936259900E64A4A /* Place.swift in Sources */ = {isa = PBXBuildFile; fileRef = 0BA132032936259900E64A4A /* Place.swift */; };
		0BA4128F293CA50800E1E1AA /* Review.swift in Sources */ = {isa = PBXBuildFile; fileRef = 0BA4128E293CA50800E1E1AA /* Review.swift */; };
		0BA41291293CA75900E1E1AA /* ReviewView.swift in Sources */ = {isa = PBXBuildFile; fileRef = 0BA41290293CA75900E1E1AA /* ReviewView.swift */; };
		0BEAD2822926660C00AF9190 /* Spot.swift in Sources */ = {isa = PBXBuildFile; fileRef = 0BEAD2812926660C00AF9190 /* Spot.swift */; };
		0BEAD284292667D900AF9190 /* SpotDetailView.swift in Sources */ = {isa = PBXBuildFile; fileRef = 0BEAD283292667D900AF9190 /* SpotDetailView.swift */; };
		0BEAD28629266D5600AF9190 /* SpotViewModel.swift in Sources */ = {isa = PBXBuildFile; fileRef = 0BEAD28529266D5600AF9190 /* SpotViewModel.swift */; };
		0BFC480B293F3A250012C8FF /* StarsSelectionView.swift in Sources */ = {isa = PBXBuildFile; fileRef = 0BFC480A293F3A250012C8FF /* StarsSelectionView.swift */; };
		F96926E5292A7CBA00A0B61C /* FirebaseAuth in Frameworks */ = {isa = PBXBuildFile; productRef = F96926E4292A7CBA00A0B61C /* FirebaseAuth */; };
		F96926E7292A7CBA00A0B61C /* FirebaseFirestore in Frameworks */ = {isa = PBXBuildFile; productRef = F96926E6292A7CBA00A0B61C /* FirebaseFirestore */; };
		F96926E9292A7CBA00A0B61C /* FirebaseFirestoreSwift in Frameworks */ = {isa = PBXBuildFile; productRef = F96926E8292A7CBA00A0B61C /* FirebaseFirestoreSwift */; };
		F96926EB292A7CBA00A0B61C /* FirebaseStorage in Frameworks */ = {isa = PBXBuildFile; productRef = F96926EA292A7CBA00A0B61C /* FirebaseStorage */; };
/* End PBXBuildFile section */

/* Begin PBXFileReference section */
		0B7F1C922918EBB9008530F5 /* Snacktacular.app */ = {isa = PBXFileReference; explicitFileType = wrapper.application; includeInIndex = 0; path = Snacktacular.app; sourceTree = BUILT_PRODUCTS_DIR; };
		0B7F1C952918EBB9008530F5 /* SnacktacularApp.swift */ = {isa = PBXFileReference; lastKnownFileType = sourcecode.swift; path = SnacktacularApp.swift; sourceTree = "<group>"; };
		0B7F1C972918EBB9008530F5 /* LoginView.swift */ = {isa = PBXFileReference; lastKnownFileType = sourcecode.swift; path = LoginView.swift; sourceTree = "<group>"; };
		0B7F1C992918EBBB008530F5 /* Assets.xcassets */ = {isa = PBXFileReference; lastKnownFileType = folder.assetcatalog; path = Assets.xcassets; sourceTree = "<group>"; };
		0B7F1C9C2918EBBB008530F5 /* Preview Assets.xcassets */ = {isa = PBXFileReference; lastKnownFileType = folder.assetcatalog; path = "Preview Assets.xcassets"; sourceTree = "<group>"; };
		0B7F1CA32918ED4D008530F5 /* Info.plist */ = {isa = PBXFileReference; lastKnownFileType = text.plist; path = Info.plist; sourceTree = "<group>"; };
		0B7F1CAD2918FBA3008530F5 /* GoogleService-Info.plist */ = {isa = PBXFileReference; fileEncoding = 4; lastKnownFileType = text.plist.xml; path = "GoogleService-Info.plist"; sourceTree = "<group>"; };
		0B805E23291BAABA00C1B5F7 /* ListView.swift */ = {isa = PBXFileReference; lastKnownFileType = sourcecode.swift; path = ListView.swift; sourceTree = "<group>"; };
		0BA132002936259900E64A4A /* LocationManager.swift */ = {isa = PBXFileReference; fileEncoding = 4; lastKnownFileType = sourcecode.swift; path = LocationManager.swift; sourceTree = "<group>"; };
		0BA132012936259900E64A4A /* PlaceLookupView.swift */ = {isa = PBXFileReference; fileEncoding = 4; lastKnownFileType = sourcecode.swift; path = PlaceLookupView.swift; sourceTree = "<group>"; };
		0BA132022936259900E64A4A /* PlaceViewModel.swift */ = {isa = PBXFileReference; fileEncoding = 4; lastKnownFileType = sourcecode.swift; path = PlaceViewModel.swift; sourceTree = "<group>"; };
		0BA132032936259900E64A4A /* Place.swift */ = {isa = PBXFileReference; fileEncoding = 4; lastKnownFileType = sourcecode.swift; path = Place.swift; sourceTree = "<group>"; };
		0BA4128E293CA50800E1E1AA /* Review.swift */ = {isa = PBXFileReference; lastKnownFileType = sourcecode.swift; path = Review.swift; sourceTree = "<group>"; };
		0BA41290293CA75900E1E1AA /* ReviewView.swift */ = {isa = PBXFileReference; lastKnownFileType = sourcecode.swift; path = ReviewView.swift; sourceTree = "<group>"; };
		0BEAD2812926660C00AF9190 /* Spot.swift */ = {isa = PBXFileReference; lastKnownFileType = sourcecode.swift; path = Spot.swift; sourceTree = "<group>"; };
		0BEAD283292667D900AF9190 /* SpotDetailView.swift */ = {isa = PBXFileReference; lastKnownFileType = sourcecode.swift; path = SpotDetailView.swift; sourceTree = "<group>"; };
		0BEAD28529266D5600AF9190 /* SpotViewModel.swift */ = {isa = PBXFileReference; lastKnownFileType = sourcecode.swift; path = SpotViewModel.swift; sourceTree = "<group>"; };
		0BFC480A293F3A250012C8FF /* StarsSelectionView.swift */ = {isa = PBXFileReference; lastKnownFileType = sourcecode.swift; path = StarsSelectionView.swift; sourceTree = "<group>"; };
/* End PBXFileReference section */

/* Begin PBXFrameworksBuildPhase section */
		0B7F1C8F2918EBB9008530F5 /* Frameworks */ = {
			isa = PBXFrameworksBuildPhase;
			buildActionMask = 2147483647;
			files = (
				F96926E5292A7CBA00A0B61C /* FirebaseAuth in Frameworks */,
				F96926EB292A7CBA00A0B61C /* FirebaseStorage in Frameworks */,
				F96926E7292A7CBA00A0B61C /* FirebaseFirestore in Frameworks */,
				F96926E9292A7CBA00A0B61C /* FirebaseFirestoreSwift in Frameworks */,
			);
			runOnlyForDeploymentPostprocessing = 0;
		};
/* End PBXFrameworksBuildPhase section */

/* Begin PBXGroup section */
		0B7F1C892918EBB9008530F5 = {
			isa = PBXGroup;
			children = (
				0B7F1C942918EBB9008530F5 /* Snacktacular */,
				0B7F1C932918EBB9008530F5 /* Products */,
			);
			sourceTree = "<group>";
		};
		0B7F1C932918EBB9008530F5 /* Products */ = {
			isa = PBXGroup;
			children = (
				0B7F1C922918EBB9008530F5 /* Snacktacular.app */,
			);
			name = Products;
			sourceTree = "<group>";
		};
		0B7F1C942918EBB9008530F5 /* Snacktacular */ = {
			isa = PBXGroup;
			children = (
				0B7F1CA32918ED4D008530F5 /* Info.plist */,
				0B7F1C952918EBB9008530F5 /* SnacktacularApp.swift */,
				0BA4128B293CA43200E1E1AA /* Models */,
				0BA4128C293CA46000E1E1AA /* ViewModels */,
				0BA4128D293CA48300E1E1AA /* Views */,
				0B7F1C992918EBBB008530F5 /* Assets.xcassets */,
				0B7F1CAD2918FBA3008530F5 /* GoogleService-Info.plist */,
				0B7F1C9B2918EBBB008530F5 /* Preview Content */,
			);
			path = Snacktacular;
			sourceTree = "<group>";
		};
		0B7F1C9B2918EBBB008530F5 /* Preview Content */ = {
			isa = PBXGroup;
			children = (
				0B7F1C9C2918EBBB008530F5 /* Preview Assets.xcassets */,
			);
			path = "Preview Content";
			sourceTree = "<group>";
		};
		0BA4128B293CA43200E1E1AA /* Models */ = {
			isa = PBXGroup;
			children = (
				0BA132032936259900E64A4A /* Place.swift */,
				0BEAD2812926660C00AF9190 /* Spot.swift */,
				0BA4128E293CA50800E1E1AA /* Review.swift */,
			);
			path = Models;
			sourceTree = "<group>";
		};
		0BA4128C293CA46000E1E1AA /* ViewModels */ = {
			isa = PBXGroup;
			children = (
				0BEAD28529266D5600AF9190 /* SpotViewModel.swift */,
				0BA132022936259900E64A4A /* PlaceViewModel.swift */,
				0BA132002936259900E64A4A /* LocationManager.swift */,
			);
			path = ViewModels;
			sourceTree = "<group>";
		};
		0BA4128D293CA48300E1E1AA /* Views */ = {
			isa = PBXGroup;
			children = (
				0B7F1C972918EBB9008530F5 /* LoginView.swift */,
				0B805E23291BAABA00C1B5F7 /* ListView.swift */,
				0BEAD283292667D900AF9190 /* SpotDetailView.swift */,
				0BA132012936259900E64A4A /* PlaceLookupView.swift */,
				0BA41290293CA75900E1E1AA /* ReviewView.swift */,
				0BFC480A293F3A250012C8FF /* StarsSelectionView.swift */,
			);
			path = Views;
			sourceTree = "<group>";
		};
/* End PBXGroup section */

/* Begin PBXNativeTarget section */
		0B7F1C912918EBB9008530F5 /* Snacktacular */ = {
			isa = PBXNativeTarget;
			buildConfigurationList = 0B7F1CA02918EBBB008530F5 /* Build configuration list for PBXNativeTarget "Snacktacular" */;
			buildPhases = (
				0B7F1C8E2918EBB9008530F5 /* Sources */,
				0B7F1C8F2918EBB9008530F5 /* Frameworks */,
				0B7F1C902918EBB9008530F5 /* Resources */,
			);
			buildRules = (
			);
			dependencies = (
			);
			name = Snacktacular;
			packageProductDependencies = (
				F96926E4292A7CBA00A0B61C /* FirebaseAuth */,
				F96926E6292A7CBA00A0B61C /* FirebaseFirestore */,
				F96926E8292A7CBA00A0B61C /* FirebaseFirestoreSwift */,
				F96926EA292A7CBA00A0B61C /* FirebaseStorage */,
			);
			productName = Snacktacular;
			productReference = 0B7F1C922918EBB9008530F5 /* Snacktacular.app */;
			productType = "com.apple.product-type.application";
		};
/* End PBXNativeTarget section */

/* Begin PBXProject section */
		0B7F1C8A2918EBB9008530F5 /* Project object */ = {
			isa = PBXProject;
			attributes = {
				BuildIndependentTargetsInParallel = 1;
				LastSwiftUpdateCheck = 1410;
				LastUpgradeCheck = 1410;
				TargetAttributes = {
					0B7F1C912918EBB9008530F5 = {
						CreatedOnToolsVersion = 14.1;
					};
				};
			};
			buildConfigurationList = 0B7F1C8D2918EBB9008530F5 /* Build configuration list for PBXProject "Snacktacular" */;
			compatibilityVersion = "Xcode 14.0";
			developmentRegion = en;
			hasScannedForEncodings = 0;
			knownRegions = (
				en,
				Base,
			);
			mainGroup = 0B7F1C892918EBB9008530F5;
			packageReferences = (
				F96926E3292A7CBA00A0B61C /* XCRemoteSwiftPackageReference "firebase-ios-sdk" */,
			);
			productRefGroup = 0B7F1C932918EBB9008530F5 /* Products */;
			projectDirPath = "";
			projectRoot = "";
			targets = (
				0B7F1C912918EBB9008530F5 /* Snacktacular */,
			);
		};
/* End PBXProject section */

/* Begin PBXResourcesBuildPhase section */
		0B7F1C902918EBB9008530F5 /* Resources */ = {
			isa = PBXResourcesBuildPhase;
			buildActionMask = 2147483647;
			files = (
				0B7F1C9D2918EBBB008530F5 /* Preview Assets.xcassets in Resources */,
				0B7F1C9A2918EBBB008530F5 /* Assets.xcassets in Resources */,
				0B7F1CAE2918FBA3008530F5 /* GoogleService-Info.plist in Resources */,
			);
			runOnlyForDeploymentPostprocessing = 0;
		};
/* End PBXResourcesBuildPhase section */

/* Begin PBXSourcesBuildPhase section */
		0B7F1C8E2918EBB9008530F5 /* Sources */ = {
			isa = PBXSourcesBuildPhase;
			buildActionMask = 2147483647;
			files = (
				0BEAD284292667D900AF9190 /* SpotDetailView.swift in Sources */,
				0BA132072936259900E64A4A /* PlaceViewModel.swift in Sources */,
				0B7F1C982918EBB9008530F5 /* LoginView.swift in Sources */,
				0BFC480B293F3A250012C8FF /* StarsSelectionView.swift in Sources */,
				0BA132062936259900E64A4A /* PlaceLookupView.swift in Sources */,
				0BA41291293CA75900E1E1AA /* ReviewView.swift in Sources */,
				0BEAD28629266D5600AF9190 /* SpotViewModel.swift in Sources */,
				0BA132052936259900E64A4A /* LocationManager.swift in Sources */,
				0BA4128F293CA50800E1E1AA /* Review.swift in Sources */,
				0B7F1C962918EBB9008530F5 /* SnacktacularApp.swift in Sources */,
				0B805E24291BAABA00C1B5F7 /* ListView.swift in Sources */,
				0BEAD2822926660C00AF9190 /* Spot.swift in Sources */,
				0BA132082936259900E64A4A /* Place.swift in Sources */,
			);
			runOnlyForDeploymentPostprocessing = 0;
		};
/* End PBXSourcesBuildPhase section */

/* Begin XCBuildConfiguration section */
		0B7F1C9E2918EBBB008530F5 /* Debug */ = {
			isa = XCBuildConfiguration;
			buildSettings = {
				ALWAYS_SEARCH_USER_PATHS = NO;
				CLANG_ANALYZER_NONNULL = YES;
				CLANG_ANALYZER_NUMBER_OBJECT_CONVERSION = YES_AGGRESSIVE;
				CLANG_CXX_LANGUAGE_STANDARD = "gnu++20";
				CLANG_ENABLE_MODULES = YES;
				CLANG_ENABLE_OBJC_ARC = YES;
				CLANG_ENABLE_OBJC_WEAK = YES;
				CLANG_WARN_BLOCK_CAPTURE_AUTORELEASING = YES;
				CLANG_WARN_BOOL_CONVERSION = YES;
				CLANG_WARN_COMMA = YES;
				CLANG_WARN_CONSTANT_CONVERSION = YES;
				CLANG_WARN_DEPRECATED_OBJC_IMPLEMENTATIONS = YES;
				CLANG_WARN_DIRECT_OBJC_ISA_USAGE = YES_ERROR;
				CLANG_WARN_DOCUMENTATION_COMMENTS = YES;
				CLANG_WARN_EMPTY_BODY = YES;
				CLANG_WARN_ENUM_CONVERSION = YES;
				CLANG_WARN_INFINITE_RECURSION = YES;
				CLANG_WARN_INT_CONVERSION = YES;
				CLANG_WARN_NON_LITERAL_NULL_CONVERSION = YES;
				CLANG_WARN_OBJC_IMPLICIT_RETAIN_SELF = YES;
				CLANG_WARN_OBJC_LITERAL_CONVERSION = YES;
				CLANG_WARN_OBJC_ROOT_CLASS = YES_ERROR;
				CLANG_WARN_QUOTED_INCLUDE_IN_FRAMEWORK_HEADER = YES;
				CLANG_WARN_RANGE_LOOP_ANALYSIS = YES;
				CLANG_WARN_STRICT_PROTOTYPES = YES;
				CLANG_WARN_SUSPICIOUS_MOVE = YES;
				CLANG_WARN_UNGUARDED_AVAILABILITY = YES_AGGRESSIVE;
				CLANG_WARN_UNREACHABLE_CODE = YES;
				CLANG_WARN__DUPLICATE_METHOD_MATCH = YES;
				COPY_PHASE_STRIP = NO;
				DEBUG_INFORMATION_FORMAT = dwarf;
				ENABLE_STRICT_OBJC_MSGSEND = YES;
				ENABLE_TESTABILITY = YES;
				GCC_C_LANGUAGE_STANDARD = gnu11;
				GCC_DYNAMIC_NO_PIC = NO;
				GCC_NO_COMMON_BLOCKS = YES;
				GCC_OPTIMIZATION_LEVEL = 0;
				GCC_PREPROCESSOR_DEFINITIONS = (
					"DEBUG=1",
					"$(inherited)",
				);
				GCC_WARN_64_TO_32_BIT_CONVERSION = YES;
				GCC_WARN_ABOUT_RETURN_TYPE = YES_ERROR;
				GCC_WARN_UNDECLARED_SELECTOR = YES;
				GCC_WARN_UNINITIALIZED_AUTOS = YES_AGGRESSIVE;
				GCC_WARN_UNUSED_FUNCTION = YES;
				GCC_WARN_UNUSED_VARIABLE = YES;
				IPHONEOS_DEPLOYMENT_TARGET = 16.1;
				MTL_ENABLE_DEBUG_INFO = INCLUDE_SOURCE;
				MTL_FAST_MATH = YES;
				ONLY_ACTIVE_ARCH = YES;
				SDKROOT = iphoneos;
				SWIFT_ACTIVE_COMPILATION_CONDITIONS = DEBUG;
				SWIFT_OPTIMIZATION_LEVEL = "-Onone";
			};
			name = Debug;
		};
		0B7F1C9F2918EBBB008530F5 /* Release */ = {
			isa = XCBuildConfiguration;
			buildSettings = {
				ALWAYS_SEARCH_USER_PATHS = NO;
				CLANG_ANALYZER_NONNULL = YES;
				CLANG_ANALYZER_NUMBER_OBJECT_CONVERSION = YES_AGGRESSIVE;
				CLANG_CXX_LANGUAGE_STANDARD = "gnu++20";
				CLANG_ENABLE_MODULES = YES;
				CLANG_ENABLE_OBJC_ARC = YES;
				CLANG_ENABLE_OBJC_WEAK = YES;
				CLANG_WARN_BLOCK_CAPTURE_AUTORELEASING = YES;
				CLANG_WARN_BOOL_CONVERSION = YES;
				CLANG_WARN_COMMA = YES;
				CLANG_WARN_CONSTANT_CONVERSION = YES;
				CLANG_WARN_DEPRECATED_OBJC_IMPLEMENTATIONS = YES;
				CLANG_WARN_DIRECT_OBJC_ISA_USAGE = YES_ERROR;
				CLANG_WARN_DOCUMENTATION_COMMENTS = YES;
				CLANG_WARN_EMPTY_BODY = YES;
				CLANG_WARN_ENUM_CONVERSION = YES;
				CLANG_WARN_INFINITE_RECURSION = YES;
				CLANG_WARN_INT_CONVERSION = YES;
				CLANG_WARN_NON_LITERAL_NULL_CONVERSION = YES;
				CLANG_WARN_OBJC_IMPLICIT_RETAIN_SELF = YES;
				CLANG_WARN_OBJC_LITERAL_CONVERSION = YES;
				CLANG_WARN_OBJC_ROOT_CLASS = YES_ERROR;
				CLANG_WARN_QUOTED_INCLUDE_IN_FRAMEWORK_HEADER = YES;
				CLANG_WARN_RANGE_LOOP_ANALYSIS = YES;
				CLANG_WARN_STRICT_PROTOTYPES = YES;
				CLANG_WARN_SUSPICIOUS_MOVE = YES;
				CLANG_WARN_UNGUARDED_AVAILABILITY = YES_AGGRESSIVE;
				CLANG_WARN_UNREACHABLE_CODE = YES;
				CLANG_WARN__DUPLICATE_METHOD_MATCH = YES;
				COPY_PHASE_STRIP = NO;
				DEBUG_INFORMATION_FORMAT = "dwarf-with-dsym";
				ENABLE_NS_ASSERTIONS = NO;
				ENABLE_STRICT_OBJC_MSGSEND = YES;
				GCC_C_LANGUAGE_STANDARD = gnu11;
				GCC_NO_COMMON_BLOCKS = YES;
				GCC_WARN_64_TO_32_BIT_CONVERSION = YES;
				GCC_WARN_ABOUT_RETURN_TYPE = YES_ERROR;
				GCC_WARN_UNDECLARED_SELECTOR = YES;
				GCC_WARN_UNINITIALIZED_AUTOS = YES_AGGRESSIVE;
				GCC_WARN_UNUSED_FUNCTION = YES;
				GCC_WARN_UNUSED_VARIABLE = YES;
				IPHONEOS_DEPLOYMENT_TARGET = 16.1;
				MTL_ENABLE_DEBUG_INFO = NO;
				MTL_FAST_MATH = YES;
				SDKROOT = iphoneos;
				SWIFT_COMPILATION_MODE = wholemodule;
				SWIFT_OPTIMIZATION_LEVEL = "-O";
				VALIDATE_PRODUCT = YES;
			};
			name = Release;
		};
		0B7F1CA12918EBBB008530F5 /* Debug */ = {
			isa = XCBuildConfiguration;
			buildSettings = {
				ASSETCATALOG_COMPILER_APPICON_NAME = AppIcon;
				ASSETCATALOG_COMPILER_GLOBAL_ACCENT_COLOR_NAME = AccentColor;
				CODE_SIGN_STYLE = Automatic;
				CURRENT_PROJECT_VERSION = 1;
				DEVELOPMENT_ASSET_PATHS = "\"Snacktacular/Preview Content\"";
				DEVELOPMENT_TEAM = VBZVC7G4XU;
				ENABLE_PREVIEWS = YES;
				GENERATE_INFOPLIST_FILE = YES;
				INFOPLIST_FILE = Snacktacular/Info.plist;
				INFOPLIST_KEY_NSLocationAlwaysAndWhenInUseUsageDescription = "The app1 requires access to device's location ";
				INFOPLIST_KEY_NSLocationWhenInUseUsageDescription = "The app2 requires access to device's location";
				INFOPLIST_KEY_UIApplicationSceneManifest_Generation = YES;
				INFOPLIST_KEY_UIApplicationSupportsIndirectInputEvents = YES;
				INFOPLIST_KEY_UISupportedInterfaceOrientations_iPad = "UIInterfaceOrientationPortrait UIInterfaceOrientationPortraitUpsideDown UIInterfaceOrientationLandscapeLeft UIInterfaceOrientationLandscapeRight";
				INFOPLIST_KEY_UISupportedInterfaceOrientations_iPhone = "UIInterfaceOrientationPortrait UIInterfaceOrientationLandscapeLeft UIInterfaceOrientationLandscapeRight";
				LD_RUNPATH_SEARCH_PATHS = (
					"$(inherited)",
					"@executable_path/Frameworks",
				);
				MARKETING_VERSION = 1.0;
				PRODUCT_BUNDLE_IDENTIFIER = com.isaacs.Snacktacular;
				PRODUCT_NAME = "$(TARGET_NAME)";
				SWIFT_EMIT_LOC_STRINGS = YES;
				SWIFT_VERSION = 5.0;
				TARGETED_DEVICE_FAMILY = "1,2";
			};
			name = Debug;
		};
		0B7F1CA22918EBBB008530F5 /* Release */ = {
			isa = XCBuildConfiguration;
			buildSettings = {
				ASSETCATALOG_COMPILER_APPICON_NAME = AppIcon;
				ASSETCATALOG_COMPILER_GLOBAL_ACCENT_COLOR_NAME = AccentColor;
				CODE_SIGN_STYLE = Automatic;
				CURRENT_PROJECT_VERSION = 1;
				DEVELOPMENT_ASSET_PATHS = "\"Snacktacular/Preview Content\"";
				DEVELOPMENT_TEAM = VBZVC7G4XU;
				ENABLE_PREVIEWS = YES;
				GENERATE_INFOPLIST_FILE = YES;
				INFOPLIST_FILE = Snacktacular/Info.plist;
				INFOPLIST_KEY_NSLocationAlwaysAndWhenInUseUsageDescription = "The app1 requires access to device's location ";
				INFOPLIST_KEY_NSLocationWhenInUseUsageDescription = "The app2 requires access to device's location";
				INFOPLIST_KEY_UIApplicationSceneManifest_Generation = YES;
				INFOPLIST_KEY_UIApplicationSupportsIndirectInputEvents = YES;
				INFOPLIST_KEY_UISupportedInterfaceOrientations_iPad = "UIInterfaceOrientationPortrait UIInterfaceOrientationPortraitUpsideDown UIInterfaceOrientationLandscapeLeft UIInterfaceOrientationLandscapeRight";
				INFOPLIST_KEY_UISupportedInterfaceOrientations_iPhone = "UIInterfaceOrientationPortrait UIInterfaceOrientationLandscapeLeft UIInterfaceOrientationLandscapeRight";
				LD_RUNPATH_SEARCH_PATHS = (
					"$(inherited)",
					"@executable_path/Frameworks",
				);
				MARKETING_VERSION = 1.0;
				PRODUCT_BUNDLE_IDENTIFIER = com.isaacs.Snacktacular;
				PRODUCT_NAME = "$(TARGET_NAME)";
				SWIFT_EMIT_LOC_STRINGS = YES;
				SWIFT_VERSION = 5.0;
				TARGETED_DEVICE_FAMILY = "1,2";
			};
			name = Release;
		};
/* End XCBuildConfiguration section */

/* Begin XCConfigurationList section */
		0B7F1C8D2918EBB9008530F5 /* Build configuration list for PBXProject "Snacktacular" */ = {
			isa = XCConfigurationList;
			buildConfigurations = (
				0B7F1C9E2918EBBB008530F5 /* Debug */,
				0B7F1C9F2918EBBB008530F5 /* Release */,
			);
			defaultConfigurationIsVisible = 0;
			defaultConfigurationName = Release;
		};
		0B7F1CA02918EBBB008530F5 /* Build configuration list for PBXNativeTarget "Snacktacular" */ = {
			isa = XCConfigurationList;
			buildConfigurations = (
				0B7F1CA12918EBBB008530F5 /* Debug */,
				0B7F1CA22918EBBB008530F5 /* Release */,
			);
			defaultConfigurationIsVisible = 0;
			defaultConfigurationName = Release;
		};
/* End XCConfigurationList section */

/* Begin XCRemoteSwiftPackageReference section */
		F96926E3292A7CBA00A0B61C /* XCRemoteSwiftPackageReference "firebase-ios-sdk" */ = {
			isa = XCRemoteSwiftPackageReference;
			repositoryURL = "https://github.com/firebase/firebase-ios-sdk";
			requirement = {
				branch = master;
				kind = branch;
			};
		};
/* End XCRemoteSwiftPackageReference section */

/* Begin XCSwiftPackageProductDependency section */
		F96926E4292A7CBA00A0B61C /* FirebaseAuth */ = {
			isa = XCSwiftPackageProductDependency;
			package = F96926E3292A7CBA00A0B61C /* XCRemoteSwiftPackageReference "firebase-ios-sdk" */;
			productName = FirebaseAuth;
		};
		F96926E6292A7CBA00A0B61C /* FirebaseFirestore */ = {
			isa = XCSwiftPackageProductDependency;
			package = F96926E3292A7CBA00A0B61C /* XCRemoteSwiftPackageReference "firebase-ios-sdk" */;
			productName = FirebaseFirestore;
		};
		F96926E8292A7CBA00A0B61C /* FirebaseFirestoreSwift */ = {
			isa = XCSwiftPackageProductDependency;
			package = F96926E3292A7CBA00A0B61C /* XCRemoteSwiftPackageReference "firebase-ios-sdk" */;
			productName = FirebaseFirestoreSwift;
		};
		F96926EA292A7CBA00A0B61C /* FirebaseStorage */ = {
			isa = XCSwiftPackageProductDependency;
			package = F96926E3292A7CBA00A0B61C /* XCRemoteSwiftPackageReference "firebase-ios-sdk" */;
			productName = FirebaseStorage;
		};
/* End XCSwiftPackageProductDependency section */
	};
	rootObject = 0B7F1C8A2918EBB9008530F5 /* Project object */;
}
